
Microsoft Visual Studio Solution File, Format Version 12.00
# Visual Studio Version 17
VisualStudioVersion = 17.2.32519.379
MinimumVisualStudioVersion = 10.0.40219.1
Project("{9A19103F-16F7-4668-BE54-9A1E7A4F7556}") = "KursALX", "KursALX\KursALX.csproj", "{46D16A51-F948-4A89-91FF-95EDA9ED1BC9}"
EndProject
Project("{9A19103F-16F7-4668-BE54-9A1E7A4F7556}") = "ALXKalkulator", "ALXKalkulator\ALXKalkulator.csproj", "{8823E144-CF31-4190-979E-184888B81A4E}"
EndProject
Project("{9A19103F-16F7-4668-BE54-9A1E7A4F7556}") = "Cyberpunk RPG game", "Cyberpunk RPG game\Cyberpunk RPG game.csproj", "{4A75C7E0-962F-4408-9A1F-9245BE813D52}"
EndProject
Project("{9A19103F-16F7-4668-BE54-9A1E7A4F7556}") = "ALXCourseHomework", "ALXCourseHomework\ALXCourseHomework.csproj", "{CB8CC1A3-93A6-4039-8A30-E69BCC183FB5}"
EndProject
Project("{9A19103F-16F7-4668-BE54-9A1E7A4F7556}") = "CommonFunctionalities", "CommonFunctionalities\CommonFunctionalities.csproj", "{00F539A4-C802-4B1C-AF75-D635F8C7BD11}"
EndProject
Project("{9A19103F-16F7-4668-BE54-9A1E7A4F7556}") = "ShootingRange", "ShootingRange\ShootingRange.csproj", "{51995FA9-F862-4652-B2B6-88E595C021F4}"
EndProject
Project("{9A19103F-16F7-4668-BE54-9A1E7A4F7556}") = "ShootingRangeOnSteroids", "ShootingRangeOnSteroids\ShootingRangeOnSteroids.csproj", "{BB430F09-301E-4F31-A71A-1CD31F9A5134}"
EndProject
Project("{9A19103F-16F7-4668-BE54-9A1E7A4F7556}") = "TotallyRandomThings", "TotallyRandomThings\TotallyRandomThings.csproj", "{73D12239-6EB8-4BD0-ABED-2B636E1DBD16}"
EndProject
Project("{9A19103F-16F7-4668-BE54-9A1E7A4F7556}") = "ShopApp", "ConsoleApp1\ShopApp.csproj", "{16B44CF0-ED66-4854-958C-D73253F06A80}"
EndProject
Project("{2150E333-8FDC-42A3-9474-1A3956D46DE8}") = "FormApps", "FormApps", "{DBEB680D-25E4-4123-B77B-941E690EAFD6}"
EndProject
Project("{9A19103F-16F7-4668-BE54-9A1E7A4F7556}") = "FormApp", "FormApp\FormApp.csproj", "{CD30ECAA-F89A-4293-80F2-347CCE42D64B}"
EndProject
Project("{9A19103F-16F7-4668-BE54-9A1E7A4F7556}") = "FormsAppButBetter", "FormsAppButBetter\FormsAppButBetter.csproj", "{7C4862A6-FE2F-4564-BED6-3A857904A6E5}"
EndProject
Project("{9A19103F-16F7-4668-BE54-9A1E7A4F7556}") = "ShootingRangeForms", "ShootingRangeForms\ShootingRangeForms.csproj", "{CCD8A33A-DA1C-4288-B96D-E03A5C5CACCA}"
EndProject
Project("{2150E333-8FDC-42A3-9474-1A3956D46DE8}") = "Assignments", "Assignments", "{D7E8FD31-ED93-4E1B-968E-690097553B4F}"
EndProject
Project("{9A19103F-16F7-4668-BE54-9A1E7A4F7556}") = "MovingButton", "MovingButton\MovingButton.csproj", "{93D8AF11-7C7F-447B-AFAE-E9C9CD11D1F1}"
EndProject
Project("{9A19103F-16F7-4668-BE54-9A1E7A4F7556}") = "CalculatorForm", "CalculatorForm\CalculatorForm.csproj", "{35F1897E-E65F-4011-A0C2-B450216A9F18}"
EndProject
Project("{9A19103F-16F7-4668-BE54-9A1E7A4F7556}") = "FunnyAppDoesThings", "FunnyAppDoesThings\FunnyAppDoesThings.csproj", "{DE952177-219E-4D8F-948F-862D40315359}"
EndProject
Project("{9A19103F-16F7-4668-BE54-9A1E7A4F7556}") = "QuickAnihilation", "QuickAnihilation\QuickAnihilation.csproj", "{F71D4BC9-36C3-4B21-BCCD-3A0938BD1C97}"
EndProject
Project("{9A19103F-16F7-4668-BE54-9A1E7A4F7556}") = "Lotto", "WinFormsApp1\Lotto.csproj", "{DD55C877-4245-43F1-B427-35FCC9AB49A3}"
EndProject
Project("{FAE04EC0-301F-11D3-BF4B-00C04F79EFBC}") = "ADODemo", "ADODemo\ADODemo.csproj", "{BCD9D25B-0772-4539-9AD8-2E3BC68C4837}"
EndProject
Global
	GlobalSection(SolutionConfigurationPlatforms) = preSolution
		Debug|Any CPU = Debug|Any CPU
		Release|Any CPU = Release|Any CPU
	EndGlobalSection
	GlobalSection(ProjectConfigurationPlatforms) = postSolution
		{46D16A51-F948-4A89-91FF-95EDA9ED1BC9}.Debug|Any CPU.ActiveCfg = Debug|Any CPU
		{46D16A51-F948-4A89-91FF-95EDA9ED1BC9}.Debug|Any CPU.Build.0 = Debug|Any CPU
		{46D16A51-F948-4A89-91FF-95EDA9ED1BC9}.Release|Any CPU.ActiveCfg = Release|Any CPU
		{46D16A51-F948-4A89-91FF-95EDA9ED1BC9}.Release|Any CPU.Build.0 = Release|Any CPU
		{8823E144-CF31-4190-979E-184888B81A4E}.Debug|Any CPU.ActiveCfg = Debug|Any CPU
		{8823E144-CF31-4190-979E-184888B81A4E}.Debug|Any CPU.Build.0 = Debug|Any CPU
		{8823E144-CF31-4190-979E-184888B81A4E}.Release|Any CPU.ActiveCfg = Release|Any CPU
		{8823E144-CF31-4190-979E-184888B81A4E}.Release|Any CPU.Build.0 = Release|Any CPU
		{4A75C7E0-962F-4408-9A1F-9245BE813D52}.Debug|Any CPU.ActiveCfg = Debug|Any CPU
		{4A75C7E0-962F-4408-9A1F-9245BE813D52}.Debug|Any CPU.Build.0 = Debug|Any CPU
		{4A75C7E0-962F-4408-9A1F-9245BE813D52}.Release|Any CPU.ActiveCfg = Release|Any CPU
		{4A75C7E0-962F-4408-9A1F-9245BE813D52}.Release|Any CPU.Build.0 = Release|Any CPU
		{CB8CC1A3-93A6-4039-8A30-E69BCC183FB5}.Debug|Any CPU.ActiveCfg = Debug|Any CPU
		{CB8CC1A3-93A6-4039-8A30-E69BCC183FB5}.Debug|Any CPU.Build.0 = Debug|Any CPU
		{CB8CC1A3-93A6-4039-8A30-E69BCC183FB5}.Release|Any CPU.ActiveCfg = Release|Any CPU
		{CB8CC1A3-93A6-4039-8A30-E69BCC183FB5}.Release|Any CPU.Build.0 = Release|Any CPU
		{00F539A4-C802-4B1C-AF75-D635F8C7BD11}.Debug|Any CPU.ActiveCfg = Debug|Any CPU
		{00F539A4-C802-4B1C-AF75-D635F8C7BD11}.Debug|Any CPU.Build.0 = Debug|Any CPU
		{00F539A4-C802-4B1C-AF75-D635F8C7BD11}.Release|Any CPU.ActiveCfg = Release|Any CPU
		{00F539A4-C802-4B1C-AF75-D635F8C7BD11}.Release|Any CPU.Build.0 = Release|Any CPU
		{51995FA9-F862-4652-B2B6-88E595C021F4}.Debug|Any CPU.ActiveCfg = Debug|Any CPU
		{51995FA9-F862-4652-B2B6-88E595C021F4}.Debug|Any CPU.Build.0 = Debug|Any CPU
		{51995FA9-F862-4652-B2B6-88E595C021F4}.Release|Any CPU.ActiveCfg = Release|Any CPU
		{51995FA9-F862-4652-B2B6-88E595C021F4}.Release|Any CPU.Build.0 = Release|Any CPU
		{BB430F09-301E-4F31-A71A-1CD31F9A5134}.Debug|Any CPU.ActiveCfg = Debug|Any CPU
		{BB430F09-301E-4F31-A71A-1CD31F9A5134}.Debug|Any CPU.Build.0 = Debug|Any CPU
		{BB430F09-301E-4F31-A71A-1CD31F9A5134}.Release|Any CPU.ActiveCfg = Release|Any CPU
		{BB430F09-301E-4F31-A71A-1CD31F9A5134}.Release|Any CPU.Build.0 = Release|Any CPU
		{73D12239-6EB8-4BD0-ABED-2B636E1DBD16}.Debug|Any CPU.ActiveCfg = Debug|Any CPU
		{73D12239-6EB8-4BD0-ABED-2B636E1DBD16}.Debug|Any CPU.Build.0 = Debug|Any CPU
		{73D12239-6EB8-4BD0-ABED-2B636E1DBD16}.Release|Any CPU.ActiveCfg = Release|Any CPU
		{73D12239-6EB8-4BD0-ABED-2B636E1DBD16}.Release|Any CPU.Build.0 = Release|Any CPU
		{16B44CF0-ED66-4854-958C-D73253F06A80}.Debug|Any CPU.ActiveCfg = Debug|Any CPU
		{16B44CF0-ED66-4854-958C-D73253F06A80}.Debug|Any CPU.Build.0 = Debug|Any CPU
		{16B44CF0-ED66-4854-958C-D73253F06A80}.Release|Any CPU.ActiveCfg = Release|Any CPU
		{16B44CF0-ED66-4854-958C-D73253F06A80}.Release|Any CPU.Build.0 = Release|Any CPU
		{CD30ECAA-F89A-4293-80F2-347CCE42D64B}.Debug|Any CPU.ActiveCfg = Debug|Any CPU
		{CD30ECAA-F89A-4293-80F2-347CCE42D64B}.Debug|Any CPU.Build.0 = Debug|Any CPU
		{CD30ECAA-F89A-4293-80F2-347CCE42D64B}.Release|Any CPU.ActiveCfg = Release|Any CPU
		{CD30ECAA-F89A-4293-80F2-347CCE42D64B}.Release|Any CPU.Build.0 = Release|Any CPU
		{7C4862A6-FE2F-4564-BED6-3A857904A6E5}.Debug|Any CPU.ActiveCfg = Debug|Any CPU
		{7C4862A6-FE2F-4564-BED6-3A857904A6E5}.Debug|Any CPU.Build.0 = Debug|Any CPU
		{7C4862A6-FE2F-4564-BED6-3A857904A6E5}.Release|Any CPU.ActiveCfg = Release|Any CPU
		{7C4862A6-FE2F-4564-BED6-3A857904A6E5}.Release|Any CPU.Build.0 = Release|Any CPU
		{CCD8A33A-DA1C-4288-B96D-E03A5C5CACCA}.Debug|Any CPU.ActiveCfg = Debug|Any CPU
		{CCD8A33A-DA1C-4288-B96D-E03A5C5CACCA}.Debug|Any CPU.Build.0 = Debug|Any CPU
		{CCD8A33A-DA1C-4288-B96D-E03A5C5CACCA}.Release|Any CPU.ActiveCfg = Release|Any CPU
		{CCD8A33A-DA1C-4288-B96D-E03A5C5CACCA}.Release|Any CPU.Build.0 = Release|Any CPU
		{93D8AF11-7C7F-447B-AFAE-E9C9CD11D1F1}.Debug|Any CPU.ActiveCfg = Debug|Any CPU
		{93D8AF11-7C7F-447B-AFAE-E9C9CD11D1F1}.Debug|Any CPU.Build.0 = Debug|Any CPU
		{93D8AF11-7C7F-447B-AFAE-E9C9CD11D1F1}.Release|Any CPU.ActiveCfg = Release|Any CPU
		{93D8AF11-7C7F-447B-AFAE-E9C9CD11D1F1}.Release|Any CPU.Build.0 = Release|Any CPU
		{35F1897E-E65F-4011-A0C2-B450216A9F18}.Debug|Any CPU.ActiveCfg = Debug|Any CPU
		{35F1897E-E65F-4011-A0C2-B450216A9F18}.Debug|Any CPU.Build.0 = Debug|Any CPU
		{35F1897E-E65F-4011-A0C2-B450216A9F18}.Release|Any CPU.ActiveCfg = Release|Any CPU
		{35F1897E-E65F-4011-A0C2-B450216A9F18}.Release|Any CPU.Build.0 = Release|Any CPU
		{DE952177-219E-4D8F-948F-862D40315359}.Debug|Any CPU.ActiveCfg = Debug|Any CPU
		{DE952177-219E-4D8F-948F-862D40315359}.Debug|Any CPU.Build.0 = Debug|Any CPU
		{DE952177-219E-4D8F-948F-862D40315359}.Release|Any CPU.ActiveCfg = Release|Any CPU
		{DE952177-219E-4D8F-948F-862D40315359}.Release|Any CPU.Build.0 = Release|Any CPU
		{F71D4BC9-36C3-4B21-BCCD-3A0938BD1C97}.Debug|Any CPU.ActiveCfg = Debug|Any CPU
		{F71D4BC9-36C3-4B21-BCCD-3A0938BD1C97}.Debug|Any CPU.Build.0 = Debug|Any CPU
		{F71D4BC9-36C3-4B21-BCCD-3A0938BD1C97}.Release|Any CPU.ActiveCfg = Release|Any CPU
		{F71D4BC9-36C3-4B21-BCCD-3A0938BD1C97}.Release|Any CPU.Build.0 = Release|Any CPU
		{DD55C877-4245-43F1-B427-35FCC9AB49A3}.Debug|Any CPU.ActiveCfg = Debug|Any CPU
		{DD55C877-4245-43F1-B427-35FCC9AB49A3}.Debug|Any CPU.Build.0 = Debug|Any CPU
		{DD55C877-4245-43F1-B427-35FCC9AB49A3}.Release|Any CPU.ActiveCfg = Release|Any CPU
		{DD55C877-4245-43F1-B427-35FCC9AB49A3}.Release|Any CPU.Build.0 = Release|Any CPU
		{BCD9D25B-0772-4539-9AD8-2E3BC68C4837}.Debug|Any CPU.ActiveCfg = Debug|Any CPU
		{BCD9D25B-0772-4539-9AD8-2E3BC68C4837}.Debug|Any CPU.Build.0 = Debug|Any CPU
		{BCD9D25B-0772-4539-9AD8-2E3BC68C4837}.Release|Any CPU.ActiveCfg = Release|Any CPU
		{BCD9D25B-0772-4539-9AD8-2E3BC68C4837}.Release|Any CPU.Build.0 = Release|Any CPU
	EndGlobalSection
	GlobalSection(SolutionProperties) = preSolution
		HideSolutionNode = FALSE
	EndGlobalSection
	GlobalSection(NestedProjects) = preSolution
		{CD30ECAA-F89A-4293-80F2-347CCE42D64B} = {DBEB680D-25E4-4123-B77B-941E690EAFD6}
		{7C4862A6-FE2F-4564-BED6-3A857904A6E5} = {DBEB680D-25E4-4123-B77B-941E690EAFD6}
		{CCD8A33A-DA1C-4288-B96D-E03A5C5CACCA} = {DBEB680D-25E4-4123-B77B-941E690EAFD6}
		{93D8AF11-7C7F-447B-AFAE-E9C9CD11D1F1} = {D7E8FD31-ED93-4E1B-968E-690097553B4F}
		{35F1897E-E65F-4011-A0C2-B450216A9F18} = {DBEB680D-25E4-4123-B77B-941E690EAFD6}
		{DE952177-219E-4D8F-948F-862D40315359} = {DBEB680D-25E4-4123-B77B-941E690EAFD6}
		{F71D4BC9-36C3-4B21-BCCD-3A0938BD1C97} = {DBEB680D-25E4-4123-B77B-941E690EAFD6}
	EndGlobalSection
	GlobalSection(ExtensibilityGlobals) = postSolution
		SolutionGuid = {2C4CF88F-DE88-4971-9B50-0A8225938EE6}
	EndGlobalSection
EndGlobal
