
Microsoft Visual Studio Solution File, Format Version 12.00
# Visual Studio Version 17
VisualStudioVersion = 17.2.32519.379
MinimumVisualStudioVersion = 10.0.40219.1
Project("{9A19103F-16F7-4668-BE54-9A1E7A4F7556}") = "KursALX", "KursALX\KursALX.csproj", "{46D16A51-F948-4A89-91FF-95EDA9ED1BC9}"
EndProject
Project("{FAE04EC0-301F-11D3-BF4B-00C04F79EFBC}") = "ALXKalkulator", "ALXKalkulator\ALXKalkulator.csproj", "{8823E144-CF31-4190-979E-184888B81A4E}"
EndProject
Project("{FAE04EC0-301F-11D3-BF4B-00C04F79EFBC}") = "Cyberpunk RPG game", "Cyberpunk RPG game\Cyberpunk RPG game.csproj", "{4A75C7E0-962F-4408-9A1F-9245BE813D52}"
EndProject
Global
	GlobalSection(SolutionConfigurationPlatforms) = preSolution
		Debug|Any CPU = Debug|Any CPU
		Release|Any CPU = Release|Any CPU
	EndGlobalSection
	GlobalSection(ProjectConfigurationPlatforms) = postSolution
		{46D16A51-F948-4A89-91FF-95EDA9ED1BC9}.Debug|Any CPU.ActiveCfg = Debug|Any CPU
		{46D16A51-F948-4A89-91FF-95EDA9ED1BC9}.Debug|Any CPU.Build.0 = Debug|Any CPU
		{46D16A51-F948-4A89-91FF-95EDA9ED1BC9}.Release|Any CPU.ActiveCfg = Release|Any CPU
		{46D16A51-F948-4A89-91FF-95EDA9ED1BC9}.Release|Any CPU.Build.0 = Release|Any CPU
		{8823E144-CF31-4190-979E-184888B81A4E}.Debug|Any CPU.ActiveCfg = Debug|Any CPU
		{8823E144-CF31-4190-979E-184888B81A4E}.Debug|Any CPU.Build.0 = Debug|Any CPU
		{8823E144-CF31-4190-979E-184888B81A4E}.Release|Any CPU.ActiveCfg = Release|Any CPU
		{8823E144-CF31-4190-979E-184888B81A4E}.Release|Any CPU.Build.0 = Release|Any CPU
		{4A75C7E0-962F-4408-9A1F-9245BE813D52}.Debug|Any CPU.ActiveCfg = Debug|Any CPU
		{4A75C7E0-962F-4408-9A1F-9245BE813D52}.Debug|Any CPU.Build.0 = Debug|Any CPU
		{4A75C7E0-962F-4408-9A1F-9245BE813D52}.Release|Any CPU.ActiveCfg = Release|Any CPU
		{4A75C7E0-962F-4408-9A1F-9245BE813D52}.Release|Any CPU.Build.0 = Release|Any CPU
	EndGlobalSection
	GlobalSection(SolutionProperties) = preSolution
		HideSolutionNode = FALSE
	EndGlobalSection
	GlobalSection(ExtensibilityGlobals) = postSolution
		SolutionGuid = {2C4CF88F-DE88-4971-9B50-0A8225938EE6}
	EndGlobalSection
EndGlobal
